Microsoft Visual Studio Solution File, Format Version 12.00
# Visual Studio Version 17
VisualStudioVersion = 17.4.33205.214
MinimumVisualStudioVersion = 10.0.40219.1
Project("{8BC9CEB8-8B4A-11D0-8D11-00A0C91BC942}") = "RCO2", "RCO2\RCO2.vcxproj", "{B75E22D3-47D4-45F2-8D4D-EFA9BB8DBF0E}"
EndProject
Global
	GlobalSection(SolutionConfigurationPlatforms) = preSolution
		Debug|x64 = Debug|x64
		Debug|x86 = Debug|x86
		Release|x64 = Release|x64
		Release|x86 = Release|x86
	EndGlobalSection
	GlobalSection(ProjectConfigurationPlatforms) = postSolution
		{B75E22D3-47D4-45F2-8D4D-EFA9BB8DBF0E}.Debug|x64.ActiveCfg = Debug|x64
		{B75E22D3-47D4-45F2-8D4D-EFA9BB8DBF0E}.Debug|x86.ActiveCfg = Debug|Win32
		{B75E22D3-47D4-45F2-8D4D-EFA9BB8DBF0E}.Debug|x86.Build.0 = Debug|Win32
		{B75E22D3-47D4-45F2-8D4D-EFA9BB8DBF0E}.Release|x64.ActiveCfg = Release|x64
		{B75E22D3-47D4-45F2-8D4D-EFA9BB8DBF0E}.Release|x86.ActiveCfg = Release|Win32
		{B75E22D3-47D4-45F2-8D4D-EFA9BB8DBF0E}.Release|x86.Build.0 = Release|Win32
	EndGlobalSection
	GlobalSection(SolutionProperties) = preSolution
		HideSolutionNode = FALSE
	EndGlobalSection
	GlobalSection(ExtensibilityGlobals) = postSolution
		SolutionGuid = {FB0D5BBF-ABF2-4AE3-A86F-EA9EECE5E6EB}
	EndGlobalSection
EndGlobal
